
Microsoft Visual Studio Solution File, Format Version 12.00
# Visual Studio Version 16
VisualStudioVersion = 16.0.30114.105
MinimumVisualStudioVersion = 10.0.40219.1
Project("{2150E333-8FDC-42A3-9474-1A3956D46DE8}") = "Files", "Files", "{B3D87EDA-2933-4C31-B4A5-9D2568CC638C}"
EndProject
Project("{FAE04EC0-301F-11D3-BF4B-00C04F79EFBC}") = "Files.Grpc", "src\Files\src\Grpc\Files.Grpc.csproj", "{C1B62E3C-BBD8-448D-8C9B-29A436259123}"
EndProject
Project("{FAE04EC0-301F-11D3-BF4B-00C04F79EFBC}") = "Files.Service", "src\Files\src\Service\Files.Service.csproj", "{1399698F-87FC-4498-BF65-EFE12CB878CB}"
EndProject
Project("{FAE04EC0-301F-11D3-BF4B-00C04F79EFBC}") = "Files.Service.Tests", "src\Files\tests\Service.Tests\Files.Service.Tests.csproj", "{7668D4F8-B935-472A-98AE-A94101E380F0}"
EndProject
Project("{FAE04EC0-301F-11D3-BF4B-00C04F79EFBC}") = "UnitTestHelper", "src\Shared\src\UnitTestHelper\UnitTestHelper.csproj", "{E796B558-CB54-42E6-8E00-BC48FBC0AE31}"
EndProject
Project("{FAE04EC0-301F-11D3-BF4B-00C04F79EFBC}") = "AspNetCore.Utilities", "src\Shared\src\AspNetCore.Utilities\AspNetCore.Utilities.csproj", "{1890ED01-59C0-41BE-B992-00363C26964E}"
EndProject
Project("{FAE04EC0-301F-11D3-BF4B-00C04F79EFBC}") = "AspNetCore.Utilities.Tests", "src\Shared\tests\AspNetCore.Utilities.Tests\AspNetCore.Utilities.Tests.csproj", "{3D6C3570-814D-4295-A310-5A6AEEBC0FB4}"
EndProject
Project("{2150E333-8FDC-42A3-9474-1A3956D46DE8}") = "docker-compose", "src\docker-compose", "{D8541A60-1EE5-47B1-B01F-47AF629E216C}"
	ProjectSection(SolutionItems) = preProject
		docker-compose\docker-compose.yml = docker-compose\docker-compose.yml
	EndProjectSection
EndProject
Project("{FAE04EC0-301F-11D3-BF4B-00C04F79EFBC}") = "Documents.Service", "src\Documents\src\Documents.Service\Documents.Service.csproj", "{B80D8C3D-9F37-4356-8FD0-ED1713E3A001}"
EndProject
Project("{FAE04EC0-301F-11D3-BF4B-00C04F79EFBC}") = "Documents.Service.Tests", "src\Documents\tests\Documents.Service.Tests\Documents.Service.Tests.csproj", "{ACB18D5B-BCD5-4A6E-9C66-22D1534D66E1}"
EndProject
Project("{2150E333-8FDC-42A3-9474-1A3956D46DE8}") = "src", "src", "{57531EF9-3C6F-49AC-836A-C53601D712CB}"
EndProject
Project("{2150E333-8FDC-42A3-9474-1A3956D46DE8}") = "tests", "tests", "{40DB694A-3EB0-48FC-B929-2C96F7728ACD}"
EndProject
Project("{2150E333-8FDC-42A3-9474-1A3956D46DE8}") = "Documents", "Documents", "{A14A09C0-3879-44B9-838B-17642315E99E}"
EndProject
Project("{2150E333-8FDC-42A3-9474-1A3956D46DE8}") = "src", "src", "{DDF88873-27A0-43B2-97EE-1D6ED18CD594}"
EndProject
Project("{2150E333-8FDC-42A3-9474-1A3956D46DE8}") = "tests", "tests", "{399D8761-2606-4017-89C3-0D38D23B0906}"
EndProject
Project("{2150E333-8FDC-42A3-9474-1A3956D46DE8}") = "Shared", "Shared", "{006A55D1-AEEE-4F2D-9CC1-45E041B80221}"
EndProject
Project("{2150E333-8FDC-42A3-9474-1A3956D46DE8}") = "src", "src", "{6D7AF671-B759-49A7-B106-EF203FE68BD6}"
EndProject
Project("{2150E333-8FDC-42A3-9474-1A3956D46DE8}") = "tests", "tests", "{05A11F83-8C6A-4356-A78A-0F21181BF558}"
EndProject
Project("{2150E333-8FDC-42A3-9474-1A3956D46DE8}") = "Gateway", "Gateway", "{255A4971-CE15-43F9-82A5-7F0C3C0CECC1}"
EndProject
Project("{2150E333-8FDC-42A3-9474-1A3956D46DE8}") = "src", "src", "{58E6B8EB-7D53-4F39-A826-3967290689E8}"
EndProject
Project("{FAE04EC0-301F-11D3-BF4B-00C04F79EFBC}") = "Gateway.Service", "src\Gateway\src\Gateway.Service\Gateway.Service.csproj", "{277B28A6-E93A-4907-B745-702C4F3FEF49}"
EndProject
Project("{FAE04EC0-301F-11D3-BF4B-00C04F79EFBC}") = "Files.Worker", "src\Files\src\Worker\Files.Worker.csproj", "{A5E0F161-E737-4738-9855-8CED6745B24E}"
EndProject
Global
	GlobalSection(SolutionConfigurationPlatforms) = preSolution
		Debug|Any CPU = Debug|Any CPU
		Release|Any CPU = Release|Any CPU
	EndGlobalSection
	GlobalSection(SolutionProperties) = preSolution
		HideSolutionNode = FALSE
	EndGlobalSection
	GlobalSection(ProjectConfigurationPlatforms) = postSolution
		{C1B62E3C-BBD8-448D-8C9B-29A436259123}.Debug|Any CPU.ActiveCfg = Debug|Any CPU
		{C1B62E3C-BBD8-448D-8C9B-29A436259123}.Debug|Any CPU.Build.0 = Debug|Any CPU
		{C1B62E3C-BBD8-448D-8C9B-29A436259123}.Release|Any CPU.ActiveCfg = Release|Any CPU
		{C1B62E3C-BBD8-448D-8C9B-29A436259123}.Release|Any CPU.Build.0 = Release|Any CPU
		{1399698F-87FC-4498-BF65-EFE12CB878CB}.Debug|Any CPU.ActiveCfg = Debug|Any CPU
		{1399698F-87FC-4498-BF65-EFE12CB878CB}.Debug|Any CPU.Build.0 = Debug|Any CPU
		{1399698F-87FC-4498-BF65-EFE12CB878CB}.Release|Any CPU.ActiveCfg = Release|Any CPU
		{1399698F-87FC-4498-BF65-EFE12CB878CB}.Release|Any CPU.Build.0 = Release|Any CPU
		{7668D4F8-B935-472A-98AE-A94101E380F0}.Debug|Any CPU.ActiveCfg = Debug|Any CPU
		{7668D4F8-B935-472A-98AE-A94101E380F0}.Debug|Any CPU.Build.0 = Debug|Any CPU
		{7668D4F8-B935-472A-98AE-A94101E380F0}.Release|Any CPU.ActiveCfg = Release|Any CPU
		{7668D4F8-B935-472A-98AE-A94101E380F0}.Release|Any CPU.Build.0 = Release|Any CPU
		{E796B558-CB54-42E6-8E00-BC48FBC0AE31}.Debug|Any CPU.ActiveCfg = Debug|Any CPU
		{E796B558-CB54-42E6-8E00-BC48FBC0AE31}.Debug|Any CPU.Build.0 = Debug|Any CPU
		{E796B558-CB54-42E6-8E00-BC48FBC0AE31}.Release|Any CPU.ActiveCfg = Release|Any CPU
		{E796B558-CB54-42E6-8E00-BC48FBC0AE31}.Release|Any CPU.Build.0 = Release|Any CPU
		{1890ED01-59C0-41BE-B992-00363C26964E}.Debug|Any CPU.ActiveCfg = Debug|Any CPU
		{1890ED01-59C0-41BE-B992-00363C26964E}.Debug|Any CPU.Build.0 = Debug|Any CPU
		{1890ED01-59C0-41BE-B992-00363C26964E}.Release|Any CPU.ActiveCfg = Release|Any CPU
		{1890ED01-59C0-41BE-B992-00363C26964E}.Release|Any CPU.Build.0 = Release|Any CPU
		{3D6C3570-814D-4295-A310-5A6AEEBC0FB4}.Debug|Any CPU.ActiveCfg = Debug|Any CPU
		{3D6C3570-814D-4295-A310-5A6AEEBC0FB4}.Debug|Any CPU.Build.0 = Debug|Any CPU
		{3D6C3570-814D-4295-A310-5A6AEEBC0FB4}.Release|Any CPU.ActiveCfg = Release|Any CPU
		{3D6C3570-814D-4295-A310-5A6AEEBC0FB4}.Release|Any CPU.Build.0 = Release|Any CPU
		{B80D8C3D-9F37-4356-8FD0-ED1713E3A001}.Debug|Any CPU.ActiveCfg = Debug|Any CPU
		{B80D8C3D-9F37-4356-8FD0-ED1713E3A001}.Debug|Any CPU.Build.0 = Debug|Any CPU
		{B80D8C3D-9F37-4356-8FD0-ED1713E3A001}.Release|Any CPU.ActiveCfg = Release|Any CPU
		{B80D8C3D-9F37-4356-8FD0-ED1713E3A001}.Release|Any CPU.Build.0 = Release|Any CPU
		{ACB18D5B-BCD5-4A6E-9C66-22D1534D66E1}.Debug|Any CPU.ActiveCfg = Debug|Any CPU
		{ACB18D5B-BCD5-4A6E-9C66-22D1534D66E1}.Debug|Any CPU.Build.0 = Debug|Any CPU
		{ACB18D5B-BCD5-4A6E-9C66-22D1534D66E1}.Release|Any CPU.ActiveCfg = Release|Any CPU
		{ACB18D5B-BCD5-4A6E-9C66-22D1534D66E1}.Release|Any CPU.Build.0 = Release|Any CPU
		{277B28A6-E93A-4907-B745-702C4F3FEF49}.Debug|Any CPU.ActiveCfg = Debug|Any CPU
		{277B28A6-E93A-4907-B745-702C4F3FEF49}.Debug|Any CPU.Build.0 = Debug|Any CPU
		{277B28A6-E93A-4907-B745-702C4F3FEF49}.Release|Any CPU.ActiveCfg = Release|Any CPU
		{277B28A6-E93A-4907-B745-702C4F3FEF49}.Release|Any CPU.Build.0 = Release|Any CPU
		{A5E0F161-E737-4738-9855-8CED6745B24E}.Debug|Any CPU.ActiveCfg = Debug|Any CPU
		{A5E0F161-E737-4738-9855-8CED6745B24E}.Debug|Any CPU.Build.0 = Debug|Any CPU
		{A5E0F161-E737-4738-9855-8CED6745B24E}.Release|Any CPU.ActiveCfg = Release|Any CPU
		{A5E0F161-E737-4738-9855-8CED6745B24E}.Release|Any CPU.Build.0 = Release|Any CPU
	EndGlobalSection
	GlobalSection(NestedProjects) = preSolution
		{57531EF9-3C6F-49AC-836A-C53601D712CB} = {B3D87EDA-2933-4C31-B4A5-9D2568CC638C}
		{40DB694A-3EB0-48FC-B929-2C96F7728ACD} = {B3D87EDA-2933-4C31-B4A5-9D2568CC638C}
		{C1B62E3C-BBD8-448D-8C9B-29A436259123} = {57531EF9-3C6F-49AC-836A-C53601D712CB}
		{1399698F-87FC-4498-BF65-EFE12CB878CB} = {57531EF9-3C6F-49AC-836A-C53601D712CB}
		{7668D4F8-B935-472A-98AE-A94101E380F0} = {40DB694A-3EB0-48FC-B929-2C96F7728ACD}
		{DDF88873-27A0-43B2-97EE-1D6ED18CD594} = {A14A09C0-3879-44B9-838B-17642315E99E}
		{399D8761-2606-4017-89C3-0D38D23B0906} = {A14A09C0-3879-44B9-838B-17642315E99E}
		{ACB18D5B-BCD5-4A6E-9C66-22D1534D66E1} = {399D8761-2606-4017-89C3-0D38D23B0906}
		{B80D8C3D-9F37-4356-8FD0-ED1713E3A001} = {DDF88873-27A0-43B2-97EE-1D6ED18CD594}
		{6D7AF671-B759-49A7-B106-EF203FE68BD6} = {006A55D1-AEEE-4F2D-9CC1-45E041B80221}
		{05A11F83-8C6A-4356-A78A-0F21181BF558} = {006A55D1-AEEE-4F2D-9CC1-45E041B80221}
		{1890ED01-59C0-41BE-B992-00363C26964E} = {6D7AF671-B759-49A7-B106-EF203FE68BD6}
		{E796B558-CB54-42E6-8E00-BC48FBC0AE31} = {6D7AF671-B759-49A7-B106-EF203FE68BD6}
		{3D6C3570-814D-4295-A310-5A6AEEBC0FB4} = {05A11F83-8C6A-4356-A78A-0F21181BF558}
		{58E6B8EB-7D53-4F39-A826-3967290689E8} = {255A4971-CE15-43F9-82A5-7F0C3C0CECC1}
		{277B28A6-E93A-4907-B745-702C4F3FEF49} = {58E6B8EB-7D53-4F39-A826-3967290689E8}
		{A5E0F161-E737-4738-9855-8CED6745B24E} = {57531EF9-3C6F-49AC-836A-C53601D712CB}
	EndGlobalSection
EndGlobal
